
Microsoft Visual Studio Solution File, Format Version 12.00
# Visual Studio Version 16
VisualStudioVersion = 16.0.30404.54
MinimumVisualStudioVersion = 10.0.40219.1
Project("{9A19103F-16F7-4668-BE54-9A1E7A4F7556}") = "SampleBlazorWasmApp", "SampleBlazorWasmApp\SampleBlazorWasmApp.csproj", "{4370B72D-08DD-4376-889D-AFD3358212B7}"
EndProject
Global
	GlobalSection(SolutionConfigurationPlatforms) = preSolution
		Debug|Any CPU = Debug|Any CPU
		Release|Any CPU = Release|Any CPU
	EndGlobalSection
	GlobalSection(ProjectConfigurationPlatforms) = postSolution
		{4370B72D-08DD-4376-889D-AFD3358212B7}.Debug|Any CPU.ActiveCfg = Debug|Any CPU
		{4370B72D-08DD-4376-889D-AFD3358212B7}.Debug|Any CPU.Build.0 = Debug|Any CPU
		{4370B72D-08DD-4376-889D-AFD3358212B7}.Release|Any CPU.ActiveCfg = Release|Any CPU
		{4370B72D-08DD-4376-889D-AFD3358212B7}.Release|Any CPU.Build.0 = Release|Any CPU
	EndGlobalSection
	GlobalSection(SolutionProperties) = preSolution
		HideSolutionNode = FALSE
	EndGlobalSection
	GlobalSection(ExtensibilityGlobals) = postSolution
		SolutionGuid = {A6335D08-DDBE-4757-8F9A-C3F87794E237}
	EndGlobalSection
EndGlobal
